
Microsoft Visual Studio Solution File, Format Version 12.00
# Visual Studio 15
VisualStudioVersion = 15.0.26730.12
MinimumVisualStudioVersion = 10.0.40219.1
Project("{FAE04EC0-301F-11D3-BF4B-00C04F79EFBC}") = "AirPlane.Domain", "AirPlane.Domain\AirPlane.Domain.csproj", "{CEC852CA-7779-45CA-BDCA-9CE3990A9E2D}"
EndProject
Project("{FAE04EC0-301F-11D3-BF4B-00C04F79EFBC}") = "AirPlane.UnitTests", "AirPlane.UnitTests\AirPlane.UnitTests.csproj", "{9439F173-6291-4D81-A853-C84E753742CF}"
EndProject
Project("{FAE04EC0-301F-11D3-BF4B-00C04F79EFBC}") = "AirPlane.WebUI", "AirPlane.WebUI\AirPlane.WebUI.csproj", "{14DCFA13-1BA2-449E-A4EE-AE4D58903270}"
	ProjectSection(ProjectDependencies) = postProject
		{0971ECE5-316A-4946-B5F1-13F78826F27C} = {0971ECE5-316A-4946-B5F1-13F78826F27C}
	EndProjectSection
EndProject
Project("{FAE04EC0-301F-11D3-BF4B-00C04F79EFBC}") = "WCFTicket", "WCFTicket\WCFTicket.csproj", "{0971ECE5-316A-4946-B5F1-13F78826F27C}"
EndProject
Project("{FAE04EC0-301F-11D3-BF4B-00C04F79EFBC}") = "MvcGuide", "MvcGuide\MvcGuide.csproj", "{45791865-B18C-45BE-AF0F-B80512C51C14}"
EndProject
Project("{FAE04EC0-301F-11D3-BF4B-00C04F79EFBC}") = "Test", "Test\Test.csproj", "{5A5388F3-1EDF-4D9E-8AB0-72F1482B90A2}"
EndProject
Project("{FAE04EC0-301F-11D3-BF4B-00C04F79EFBC}") = "ConsoleApp1", "ConsoleApp1\ConsoleApp1.csproj", "{4AD83632-C120-40B3-9CA7-6143FF2DC161}"
EndProject
Project("{FAE04EC0-301F-11D3-BF4B-00C04F79EFBC}") = "Angular", "Angular\Angular.csproj", "{D7D24453-8151-471B-A0F2-C85538DEDA3B}"
EndProject
Project("{FAE04EC0-301F-11D3-BF4B-00C04F79EFBC}") = "AutoFacDemo", "AutoFacDemo\AutoFacDemo.csproj", "{84B5CB13-A9A9-480A-8C99-DB94D5E13558}"
EndProject
Project("{FAE04EC0-301F-11D3-BF4B-00C04F79EFBC}") = "Angular5", "Ang3\Angular5.csproj", "{0060D82A-3F2A-4945-82B8-1D0FCE50129D}"
EndProject
Project("{2150E333-8FDC-42A3-9474-1A3956D46DE8}") = "Solution Items", "Solution Items", "{35554505-515A-454D-9CCC-43E55EBD44DF}"
	ProjectSection(SolutionItems) = preProject
		ToCheck.txt = ToCheck.txt
	EndProjectSection
EndProject
Global
	GlobalSection(SolutionConfigurationPlatforms) = preSolution
		Debug|Any CPU = Debug|Any CPU
		Release|Any CPU = Release|Any CPU
	EndGlobalSection
	GlobalSection(ProjectConfigurationPlatforms) = postSolution
		{CEC852CA-7779-45CA-BDCA-9CE3990A9E2D}.Debug|Any CPU.ActiveCfg = Debug|Any CPU
		{CEC852CA-7779-45CA-BDCA-9CE3990A9E2D}.Debug|Any CPU.Build.0 = Debug|Any CPU
		{CEC852CA-7779-45CA-BDCA-9CE3990A9E2D}.Release|Any CPU.ActiveCfg = Release|Any CPU
		{CEC852CA-7779-45CA-BDCA-9CE3990A9E2D}.Release|Any CPU.Build.0 = Release|Any CPU
		{9439F173-6291-4D81-A853-C84E753742CF}.Debug|Any CPU.ActiveCfg = Debug|Any CPU
		{9439F173-6291-4D81-A853-C84E753742CF}.Debug|Any CPU.Build.0 = Debug|Any CPU
		{9439F173-6291-4D81-A853-C84E753742CF}.Release|Any CPU.ActiveCfg = Release|Any CPU
		{9439F173-6291-4D81-A853-C84E753742CF}.Release|Any CPU.Build.0 = Release|Any CPU
		{14DCFA13-1BA2-449E-A4EE-AE4D58903270}.Debug|Any CPU.ActiveCfg = Debug|Any CPU
		{14DCFA13-1BA2-449E-A4EE-AE4D58903270}.Debug|Any CPU.Build.0 = Debug|Any CPU
		{14DCFA13-1BA2-449E-A4EE-AE4D58903270}.Release|Any CPU.ActiveCfg = Release|Any CPU
		{14DCFA13-1BA2-449E-A4EE-AE4D58903270}.Release|Any CPU.Build.0 = Release|Any CPU
		{0971ECE5-316A-4946-B5F1-13F78826F27C}.Debug|Any CPU.ActiveCfg = Debug|Any CPU
		{0971ECE5-316A-4946-B5F1-13F78826F27C}.Debug|Any CPU.Build.0 = Debug|Any CPU
		{0971ECE5-316A-4946-B5F1-13F78826F27C}.Release|Any CPU.ActiveCfg = Release|Any CPU
		{0971ECE5-316A-4946-B5F1-13F78826F27C}.Release|Any CPU.Build.0 = Release|Any CPU
		{45791865-B18C-45BE-AF0F-B80512C51C14}.Debug|Any CPU.ActiveCfg = Debug|Any CPU
		{45791865-B18C-45BE-AF0F-B80512C51C14}.Debug|Any CPU.Build.0 = Debug|Any CPU
		{45791865-B18C-45BE-AF0F-B80512C51C14}.Release|Any CPU.ActiveCfg = Release|Any CPU
		{45791865-B18C-45BE-AF0F-B80512C51C14}.Release|Any CPU.Build.0 = Release|Any CPU
		{5A5388F3-1EDF-4D9E-8AB0-72F1482B90A2}.Debug|Any CPU.ActiveCfg = Debug|Any CPU
		{5A5388F3-1EDF-4D9E-8AB0-72F1482B90A2}.Debug|Any CPU.Build.0 = Debug|Any CPU
		{5A5388F3-1EDF-4D9E-8AB0-72F1482B90A2}.Release|Any CPU.ActiveCfg = Release|Any CPU
		{5A5388F3-1EDF-4D9E-8AB0-72F1482B90A2}.Release|Any CPU.Build.0 = Release|Any CPU
		{4AD83632-C120-40B3-9CA7-6143FF2DC161}.Debug|Any CPU.ActiveCfg = Debug|Any CPU
		{4AD83632-C120-40B3-9CA7-6143FF2DC161}.Debug|Any CPU.Build.0 = Debug|Any CPU
		{4AD83632-C120-40B3-9CA7-6143FF2DC161}.Release|Any CPU.ActiveCfg = Release|Any CPU
		{4AD83632-C120-40B3-9CA7-6143FF2DC161}.Release|Any CPU.Build.0 = Release|Any CPU
		{D7D24453-8151-471B-A0F2-C85538DEDA3B}.Debug|Any CPU.ActiveCfg = Debug|Any CPU
		{D7D24453-8151-471B-A0F2-C85538DEDA3B}.Debug|Any CPU.Build.0 = Debug|Any CPU
		{D7D24453-8151-471B-A0F2-C85538DEDA3B}.Release|Any CPU.ActiveCfg = Release|Any CPU
		{D7D24453-8151-471B-A0F2-C85538DEDA3B}.Release|Any CPU.Build.0 = Release|Any CPU
		{84B5CB13-A9A9-480A-8C99-DB94D5E13558}.Debug|Any CPU.ActiveCfg = Debug|Any CPU
		{84B5CB13-A9A9-480A-8C99-DB94D5E13558}.Debug|Any CPU.Build.0 = Debug|Any CPU
		{84B5CB13-A9A9-480A-8C99-DB94D5E13558}.Release|Any CPU.ActiveCfg = Release|Any CPU
		{84B5CB13-A9A9-480A-8C99-DB94D5E13558}.Release|Any CPU.Build.0 = Release|Any CPU
		{0060D82A-3F2A-4945-82B8-1D0FCE50129D}.Debug|Any CPU.ActiveCfg = Debug|Any CPU
		{0060D82A-3F2A-4945-82B8-1D0FCE50129D}.Debug|Any CPU.Build.0 = Debug|Any CPU
		{0060D82A-3F2A-4945-82B8-1D0FCE50129D}.Release|Any CPU.ActiveCfg = Release|Any CPU
		{0060D82A-3F2A-4945-82B8-1D0FCE50129D}.Release|Any CPU.Build.0 = Release|Any CPU
	EndGlobalSection
	GlobalSection(SolutionProperties) = preSolution
		HideSolutionNode = FALSE
	EndGlobalSection
	GlobalSection(ExtensibilityGlobals) = postSolution
		SolutionGuid = {ADA13647-87C1-4285-B090-E6F35DF7FC26}
	EndGlobalSection
EndGlobal
